
Microsoft Visual Studio Solution File, Format Version 12.00
# Visual Studio Version 17
VisualStudioVersion = 17.14.36429.23 d17.14
MinimumVisualStudioVersion = 10.0.40219.1
Project("{FAE04EC0-301F-11D3-BF4B-00C04F79EFBC}") = "learning", "learning\learning.csproj", "{BF06CB2C-B264-4B25-BE39-BFC9033FE2D7}"
EndProject
Global
	GlobalSection(SolutionConfigurationPlatforms) = preSolution
		Debug|Any CPU = Debug|Any CPU
		Release|Any CPU = Release|Any CPU
	EndGlobalSection
	GlobalSection(ProjectConfigurationPlatforms) = postSolution
		{BF06CB2C-B264-4B25-BE39-BFC9033FE2D7}.Debug|Any CPU.ActiveCfg = Debug|Any CPU
		{BF06CB2C-B264-4B25-BE39-BFC9033FE2D7}.Debug|Any CPU.Build.0 = Debug|Any CPU
		{BF06CB2C-B264-4B25-BE39-BFC9033FE2D7}.Release|Any CPU.ActiveCfg = Release|Any CPU
		{BF06CB2C-B264-4B25-BE39-BFC9033FE2D7}.Release|Any CPU.Build.0 = Release|Any CPU
	EndGlobalSection
	GlobalSection(SolutionProperties) = preSolution
		HideSolutionNode = FALSE
	EndGlobalSection
	GlobalSection(ExtensibilityGlobals) = postSolution
		SolutionGuid = {A78B6C2A-CDF0-4C96-BC2C-7FFA713B641E}
	EndGlobalSection
EndGlobal
